
Microsoft Visual Studio Solution File, Format Version 12.00
# Visual Studio 15
VisualStudioVersion = 15.0.27130.2010
MinimumVisualStudioVersion = 10.0.40219.1
Project("{FAE04EC0-301F-11D3-BF4B-00C04F79EFBC}") = "ClassLibrary1", "ClassLibrary1\ClassLibrary1.csproj", "{B181A810-A8DF-4EC5-92E1-CCA21517F943}"
EndProject
Project("{FAE04EC0-301F-11D3-BF4B-00C04F79EFBC}") = "ClassLibrary1Test", "ClassLibrary1Test\ClassLibrary1Test.csproj", "{FE4AD549-C51C-4787-8661-7F812915A623}"
EndProject
Global
	GlobalSection(SolutionConfigurationPlatforms) = preSolution
		Debug|Any CPU = Debug|Any CPU
		Release|Any CPU = Release|Any CPU
	EndGlobalSection
	GlobalSection(ProjectConfigurationPlatforms) = postSolution
		{B181A810-A8DF-4EC5-92E1-CCA21517F943}.Debug|Any CPU.ActiveCfg = Debug|Any CPU
		{B181A810-A8DF-4EC5-92E1-CCA21517F943}.Debug|Any CPU.Build.0 = Debug|Any CPU
		{B181A810-A8DF-4EC5-92E1-CCA21517F943}.Release|Any CPU.ActiveCfg = Release|Any CPU
		{B181A810-A8DF-4EC5-92E1-CCA21517F943}.Release|Any CPU.Build.0 = Release|Any CPU
		{FE4AD549-C51C-4787-8661-7F812915A623}.Debug|Any CPU.ActiveCfg = Debug|Any CPU
		{FE4AD549-C51C-4787-8661-7F812915A623}.Debug|Any CPU.Build.0 = Debug|Any CPU
		{FE4AD549-C51C-4787-8661-7F812915A623}.Release|Any CPU.ActiveCfg = Release|Any CPU
		{FE4AD549-C51C-4787-8661-7F812915A623}.Release|Any CPU.Build.0 = Release|Any CPU
	EndGlobalSection
	GlobalSection(SolutionProperties) = preSolution
		HideSolutionNode = FALSE
	EndGlobalSection
	GlobalSection(ExtensibilityGlobals) = postSolution
		SolutionGuid = {49F3C41E-1993-4B94-820A-AD08565CBBAF}
	EndGlobalSection
EndGlobal
